
Microsoft Visual Studio Solution File, Format Version 12.00
# Visual Studio Version 17
VisualStudioVersion = 17.9.34622.214
MinimumVisualStudioVersion = 10.0.40219.1
Project("{FAE04EC0-301F-11D3-BF4B-00C04F79EFBC}") = "ulamek", "ulamek.csproj", "{DCF507BA-69B3-4C23-84FC-B708E1A4A2F6}"
EndProject
Global
	GlobalSection(SolutionConfigurationPlatforms) = preSolution
		Debug|Any CPU = Debug|Any CPU
		Release|Any CPU = Release|Any CPU
	EndGlobalSection
	GlobalSection(ProjectConfigurationPlatforms) = postSolution
		{DCF507BA-69B3-4C23-84FC-B708E1A4A2F6}.Debug|Any CPU.ActiveCfg = Debug|Any CPU
		{DCF507BA-69B3-4C23-84FC-B708E1A4A2F6}.Debug|Any CPU.Build.0 = Debug|Any CPU
		{DCF507BA-69B3-4C23-84FC-B708E1A4A2F6}.Release|Any CPU.ActiveCfg = Release|Any CPU
		{DCF507BA-69B3-4C23-84FC-B708E1A4A2F6}.Release|Any CPU.Build.0 = Release|Any CPU
	EndGlobalSection
	GlobalSection(SolutionProperties) = preSolution
		HideSolutionNode = FALSE
	EndGlobalSection
	GlobalSection(ExtensibilityGlobals) = postSolution
		SolutionGuid = {ADBB9B67-A173-4392-8222-816CB555F6E8}
	EndGlobalSection
EndGlobal
