
Microsoft Visual Studio Solution File, Format Version 12.00
# Visual Studio Version 17
VisualStudioVersion = 17.9.34622.214
MinimumVisualStudioVersion = 10.0.40219.1
Project("{FAE04EC0-301F-11D3-BF4B-00C04F79EFBC}") = "Zad2", "Zad2.csproj", "{7E5BD37A-60DD-459A-8973-4FF7D187FC1A}"
EndProject
Global
	GlobalSection(SolutionConfigurationPlatforms) = preSolution
		Debug|Any CPU = Debug|Any CPU
		Release|Any CPU = Release|Any CPU
	EndGlobalSection
	GlobalSection(ProjectConfigurationPlatforms) = postSolution
		{7E5BD37A-60DD-459A-8973-4FF7D187FC1A}.Debug|Any CPU.ActiveCfg = Debug|Any CPU
		{7E5BD37A-60DD-459A-8973-4FF7D187FC1A}.Debug|Any CPU.Build.0 = Debug|Any CPU
		{7E5BD37A-60DD-459A-8973-4FF7D187FC1A}.Release|Any CPU.ActiveCfg = Release|Any CPU
		{7E5BD37A-60DD-459A-8973-4FF7D187FC1A}.Release|Any CPU.Build.0 = Release|Any CPU
	EndGlobalSection
	GlobalSection(SolutionProperties) = preSolution
		HideSolutionNode = FALSE
	EndGlobalSection
	GlobalSection(ExtensibilityGlobals) = postSolution
		SolutionGuid = {F9EFE099-1907-4A3E-899A-A6FE7AE98E43}
	EndGlobalSection
EndGlobal
