
Microsoft Visual Studio Solution File, Format Version 12.00
# Visual Studio Version 17
VisualStudioVersion = 17.9.34622.214
MinimumVisualStudioVersion = 10.0.40219.1
Project("{FAE04EC0-301F-11D3-BF4B-00C04F79EFBC}") = "Zaj_12_Zapisywanie_do_pliku_tekstowegp", "Zaj_12_Zapisywanie_do_pliku_tekstowegp.csproj", "{1AA663C0-0114-46E3-9139-4EFD46EEE23E}"
EndProject
Global
	GlobalSection(SolutionConfigurationPlatforms) = preSolution
		Debug|Any CPU = Debug|Any CPU
		Release|Any CPU = Release|Any CPU
	EndGlobalSection
	GlobalSection(ProjectConfigurationPlatforms) = postSolution
		{1AA663C0-0114-46E3-9139-4EFD46EEE23E}.Debug|Any CPU.ActiveCfg = Debug|Any CPU
		{1AA663C0-0114-46E3-9139-4EFD46EEE23E}.Debug|Any CPU.Build.0 = Debug|Any CPU
		{1AA663C0-0114-46E3-9139-4EFD46EEE23E}.Release|Any CPU.ActiveCfg = Release|Any CPU
		{1AA663C0-0114-46E3-9139-4EFD46EEE23E}.Release|Any CPU.Build.0 = Release|Any CPU
	EndGlobalSection
	GlobalSection(SolutionProperties) = preSolution
		HideSolutionNode = FALSE
	EndGlobalSection
	GlobalSection(ExtensibilityGlobals) = postSolution
		SolutionGuid = {E6D77EED-91F1-43F3-898F-FC86186D2EC9}
	EndGlobalSection
EndGlobal
