
Microsoft Visual Studio Solution File, Format Version 12.00
# Visual Studio Version 17
VisualStudioVersion = 17.9.34622.214
MinimumVisualStudioVersion = 10.0.40219.1
Project("{FAE04EC0-301F-11D3-BF4B-00C04F79EFBC}") = "Zad1", "Zad1.csproj", "{0CCCB490-E161-4FAC-A3BA-F8791CC47781}"
EndProject
Global
	GlobalSection(SolutionConfigurationPlatforms) = preSolution
		Debug|Any CPU = Debug|Any CPU
		Release|Any CPU = Release|Any CPU
	EndGlobalSection
	GlobalSection(ProjectConfigurationPlatforms) = postSolution
		{0CCCB490-E161-4FAC-A3BA-F8791CC47781}.Debug|Any CPU.ActiveCfg = Debug|Any CPU
		{0CCCB490-E161-4FAC-A3BA-F8791CC47781}.Debug|Any CPU.Build.0 = Debug|Any CPU
		{0CCCB490-E161-4FAC-A3BA-F8791CC47781}.Release|Any CPU.ActiveCfg = Release|Any CPU
		{0CCCB490-E161-4FAC-A3BA-F8791CC47781}.Release|Any CPU.Build.0 = Release|Any CPU
	EndGlobalSection
	GlobalSection(SolutionProperties) = preSolution
		HideSolutionNode = FALSE
	EndGlobalSection
	GlobalSection(ExtensibilityGlobals) = postSolution
		SolutionGuid = {689951CC-32A4-4BAA-B8B9-1CE81EC79C74}
	EndGlobalSection
EndGlobal
