
Microsoft Visual Studio Solution File, Format Version 12.00
# Visual Studio Version 17
VisualStudioVersion = 17.9.34622.214
MinimumVisualStudioVersion = 10.0.40219.1
Project("{FAE04EC0-301F-11D3-BF4B-00C04F79EFBC}") = "Zad1", "Zad1.csproj", "{DE623B33-7417-4963-B968-13C4942F26FC}"
EndProject
Global
	GlobalSection(SolutionConfigurationPlatforms) = preSolution
		Debug|Any CPU = Debug|Any CPU
		Release|Any CPU = Release|Any CPU
	EndGlobalSection
	GlobalSection(ProjectConfigurationPlatforms) = postSolution
		{DE623B33-7417-4963-B968-13C4942F26FC}.Debug|Any CPU.ActiveCfg = Debug|Any CPU
		{DE623B33-7417-4963-B968-13C4942F26FC}.Debug|Any CPU.Build.0 = Debug|Any CPU
		{DE623B33-7417-4963-B968-13C4942F26FC}.Release|Any CPU.ActiveCfg = Release|Any CPU
		{DE623B33-7417-4963-B968-13C4942F26FC}.Release|Any CPU.Build.0 = Release|Any CPU
	EndGlobalSection
	GlobalSection(SolutionProperties) = preSolution
		HideSolutionNode = FALSE
	EndGlobalSection
	GlobalSection(ExtensibilityGlobals) = postSolution
		SolutionGuid = {5FE0B38D-C6CE-4C78-877F-B958DCBA8CB7}
	EndGlobalSection
EndGlobal
