
Microsoft Visual Studio Solution File, Format Version 12.00
# Visual Studio Version 17
VisualStudioVersion = 17.9.34622.214
MinimumVisualStudioVersion = 10.0.40219.1
Project("{FAE04EC0-301F-11D3-BF4B-00C04F79EFBC}") = "Zaj_3", "Zaj_3.csproj", "{10717244-13BC-438A-80A5-20BCF619C79C}"
EndProject
Project("{2150E333-8FDC-42A3-9474-1A3956D46DE8}") = "Elementy rozwiązania", "Elementy rozwiązania", "{5A4CD6CE-6B37-4930-91A5-B4EB58AF6A53}"
EndProject
Global
	GlobalSection(SolutionConfigurationPlatforms) = preSolution
		Debug|Any CPU = Debug|Any CPU
		Release|Any CPU = Release|Any CPU
	EndGlobalSection
	GlobalSection(ProjectConfigurationPlatforms) = postSolution
		{10717244-13BC-438A-80A5-20BCF619C79C}.Debug|Any CPU.ActiveCfg = Debug|Any CPU
		{10717244-13BC-438A-80A5-20BCF619C79C}.Debug|Any CPU.Build.0 = Debug|Any CPU
		{10717244-13BC-438A-80A5-20BCF619C79C}.Release|Any CPU.ActiveCfg = Release|Any CPU
		{10717244-13BC-438A-80A5-20BCF619C79C}.Release|Any CPU.Build.0 = Release|Any CPU
	EndGlobalSection
	GlobalSection(SolutionProperties) = preSolution
		HideSolutionNode = FALSE
	EndGlobalSection
	GlobalSection(ExtensibilityGlobals) = postSolution
		SolutionGuid = {0DB9077B-8689-4CA7-827F-80FE28E5099D}
	EndGlobalSection
EndGlobal
